
Microsoft Visual Studio Solution File, Format Version 12.00
# Visual Studio 14
VisualStudioVersion = 14.0.25420.1
MinimumVisualStudioVersion = 10.0.40219.1
Project("{8BC9CEB8-8B4A-11D0-8D11-00A0C91BC942}") = "MarketQuotationAPI", "MarketQuotationAPI\MarketQuotationAPI.vcxproj", "{9CA9FAE8-BEF0-4426-BDA1-6695649E7033}"
EndProject
Project("{8BC9CEB8-8B4A-11D0-8D11-00A0C91BC942}") = "TradeAPI", "TradeAPI\TradeAPI.vcxproj", "{444A0C41-CF3C-42E2-8482-6128EFB1AF73}"
EndProject
Project("{2150E333-8FDC-42A3-9474-1A3956D46DE8}") = "executableAPP", "executableAPP", "{44A7C661-837A-479C-BA99-72BA0E85A110}"
EndProject
Project("{8BC9CEB8-8B4A-11D0-8D11-00A0C91BC942}") = "TdMdServer", "executableAPP\TdMdServer\TdMdServer.vcxproj", "{84895CFF-B0C6-4EA1-98FD-66A7EC121CD3}"
	ProjectSection(ProjectDependencies) = postProject
		{444A0C41-CF3C-42E2-8482-6128EFB1AF73} = {444A0C41-CF3C-42E2-8482-6128EFB1AF73}
		{2888D1B0-2C5B-472D-A9E1-B91283722468} = {2888D1B0-2C5B-472D-A9E1-B91283722468}
		{9CA9FAE8-BEF0-4426-BDA1-6695649E7033} = {9CA9FAE8-BEF0-4426-BDA1-6695649E7033}
	EndProjectSection
EndProject
Project("{2150E333-8FDC-42A3-9474-1A3956D46DE8}") = "index", "index", "{0009125D-80BC-45B0-A62B-8ADBA40EA427}"
EndProject
Project("{8BC9CEB8-8B4A-11D0-8D11-00A0C91BC942}") = "RSI", "index\RSI\RSI.vcxproj", "{2888D1B0-2C5B-472D-A9E1-B91283722468}"
	ProjectSection(ProjectDependencies) = postProject
		{C2E74993-103D-4AF7-82E9-61E85502BD9E} = {C2E74993-103D-4AF7-82E9-61E85502BD9E}
	EndProjectSection
EndProject
Project("{8BC9CEB8-8B4A-11D0-8D11-00A0C91BC942}") = "strategy1210", "executableAPP\strategy1210\strategy1210.vcxproj", "{4901A2A2-889A-49B6-B170-FCD87230F2AB}"
	ProjectSection(ProjectDependencies) = postProject
		{444A0C41-CF3C-42E2-8482-6128EFB1AF73} = {444A0C41-CF3C-42E2-8482-6128EFB1AF73}
		{9CA9FAE8-BEF0-4426-BDA1-6695649E7033} = {9CA9FAE8-BEF0-4426-BDA1-6695649E7033}
	EndProjectSection
EndProject
Project("{8BC9CEB8-8B4A-11D0-8D11-00A0C91BC942}") = "KDJ", "index\KDJ\KDJ.vcxproj", "{9F92C58F-BC47-4541-9074-EBF3FFFA41CC}"
	ProjectSection(ProjectDependencies) = postProject
		{C2E74993-103D-4AF7-82E9-61E85502BD9E} = {C2E74993-103D-4AF7-82E9-61E85502BD9E}
	EndProjectSection
EndProject
Project("{8BC9CEB8-8B4A-11D0-8D11-00A0C91BC942}") = "MarketQuotationIndex", "MarketQuotationIndex\MarketQuotationIndex.vcxproj", "{C2E74993-103D-4AF7-82E9-61E85502BD9E}"
	ProjectSection(ProjectDependencies) = postProject
		{9CA9FAE8-BEF0-4426-BDA1-6695649E7033} = {9CA9FAE8-BEF0-4426-BDA1-6695649E7033}
	EndProjectSection
EndProject
Project("{8BC9CEB8-8B4A-11D0-8D11-00A0C91BC942}") = "MarketQuotationAPI_HC", "MarketQuotationAPI_HC\MarketQuotationAPI_HC.vcxproj", "{9B054E8F-3C5D-4320-AAA2-0690BCE7C3E5}"
EndProject
Project("{8BC9CEB8-8B4A-11D0-8D11-00A0C91BC942}") = "TradeAPI_HC", "TradeAPI_HC\TradeAPI_HC.vcxproj", "{8C947FB0-7736-43D2-8D3F-4061DA0AF11D}"
EndProject
Project("{8BC9CEB8-8B4A-11D0-8D11-00A0C91BC942}") = "MACD", "index\MACD\MACD.vcxproj", "{EA131D7B-717D-4562-9FFA-E758C898C4DE}"
	ProjectSection(ProjectDependencies) = postProject
		{C2E74993-103D-4AF7-82E9-61E85502BD9E} = {C2E74993-103D-4AF7-82E9-61E85502BD9E}
	EndProjectSection
EndProject
Project("{8BC9CEB8-8B4A-11D0-8D11-00A0C91BC942}") = "strategy0311", "executableAPP\strategy0311\strategy0311.vcxproj", "{9735089C-186E-4FCC-8010-10ED66A7398E}"
	ProjectSection(ProjectDependencies) = postProject
		{444A0C41-CF3C-42E2-8482-6128EFB1AF73} = {444A0C41-CF3C-42E2-8482-6128EFB1AF73}
		{9CA9FAE8-BEF0-4426-BDA1-6695649E7033} = {9CA9FAE8-BEF0-4426-BDA1-6695649E7033}
	EndProjectSection
EndProject
Project("{8BC9CEB8-8B4A-11D0-8D11-00A0C91BC942}") = "Strategy", "Strategy\Strategy.vcxproj", "{AECBBE6E-7C8A-4B65-B749-44DD123DE17D}"
	ProjectSection(ProjectDependencies) = postProject
		{444A0C41-CF3C-42E2-8482-6128EFB1AF73} = {444A0C41-CF3C-42E2-8482-6128EFB1AF73}
		{9CA9FAE8-BEF0-4426-BDA1-6695649E7033} = {9CA9FAE8-BEF0-4426-BDA1-6695649E7033}
	EndProjectSection
EndProject
Project("{2150E333-8FDC-42A3-9474-1A3956D46DE8}") = "strategyAPP", "strategyAPP", "{64A836CC-B39B-4F27-AFC0-E4526FCEDB5E}"
EndProject
Project("{8BC9CEB8-8B4A-11D0-8D11-00A0C91BC942}") = "strategy_P8", "strategyAPP\strategy_P8\strategy_P8.vcxproj", "{E08BB14A-56C8-4ED8-B7BD-53DF68096792}"
	ProjectSection(ProjectDependencies) = postProject
		{AECBBE6E-7C8A-4B65-B749-44DD123DE17D} = {AECBBE6E-7C8A-4B65-B749-44DD123DE17D}
	EndProjectSection
EndProject
Project("{8BC9CEB8-8B4A-11D0-8D11-00A0C91BC942}") = "strategy_MA", "strategyAPP\strategy_MA\strategy_MA.vcxproj", "{3E1ACB80-0208-4479-8076-F6AE1961965D}"
EndProject
Global
	GlobalSection(SolutionConfigurationPlatforms) = preSolution
		Debug|x64 = Debug|x64
		Debug|x86 = Debug|x86
		Release|x64 = Release|x64
		Release|x86 = Release|x86
	EndGlobalSection
	GlobalSection(ProjectConfigurationPlatforms) = postSolution
		{9CA9FAE8-BEF0-4426-BDA1-6695649E7033}.Debug|x64.ActiveCfg = Debug|x64
		{9CA9FAE8-BEF0-4426-BDA1-6695649E7033}.Debug|x64.Build.0 = Debug|x64
		{9CA9FAE8-BEF0-4426-BDA1-6695649E7033}.Debug|x86.ActiveCfg = Debug|Win32
		{9CA9FAE8-BEF0-4426-BDA1-6695649E7033}.Debug|x86.Build.0 = Debug|Win32
		{9CA9FAE8-BEF0-4426-BDA1-6695649E7033}.Release|x64.ActiveCfg = Release|x64
		{9CA9FAE8-BEF0-4426-BDA1-6695649E7033}.Release|x64.Build.0 = Release|x64
		{9CA9FAE8-BEF0-4426-BDA1-6695649E7033}.Release|x86.ActiveCfg = Release|Win32
		{9CA9FAE8-BEF0-4426-BDA1-6695649E7033}.Release|x86.Build.0 = Release|Win32
		{444A0C41-CF3C-42E2-8482-6128EFB1AF73}.Debug|x64.ActiveCfg = Debug|x64
		{444A0C41-CF3C-42E2-8482-6128EFB1AF73}.Debug|x64.Build.0 = Debug|x64
		{444A0C41-CF3C-42E2-8482-6128EFB1AF73}.Debug|x86.ActiveCfg = Debug|Win32
		{444A0C41-CF3C-42E2-8482-6128EFB1AF73}.Debug|x86.Build.0 = Debug|Win32
		{444A0C41-CF3C-42E2-8482-6128EFB1AF73}.Release|x64.ActiveCfg = Release|x64
		{444A0C41-CF3C-42E2-8482-6128EFB1AF73}.Release|x64.Build.0 = Release|x64
		{444A0C41-CF3C-42E2-8482-6128EFB1AF73}.Release|x86.ActiveCfg = Release|Win32
		{444A0C41-CF3C-42E2-8482-6128EFB1AF73}.Release|x86.Build.0 = Release|Win32
		{84895CFF-B0C6-4EA1-98FD-66A7EC121CD3}.Debug|x64.ActiveCfg = Debug|x64
		{84895CFF-B0C6-4EA1-98FD-66A7EC121CD3}.Debug|x64.Build.0 = Debug|x64
		{84895CFF-B0C6-4EA1-98FD-66A7EC121CD3}.Debug|x86.ActiveCfg = Debug|Win32
		{84895CFF-B0C6-4EA1-98FD-66A7EC121CD3}.Debug|x86.Build.0 = Debug|Win32
		{84895CFF-B0C6-4EA1-98FD-66A7EC121CD3}.Release|x64.ActiveCfg = Release|x64
		{84895CFF-B0C6-4EA1-98FD-66A7EC121CD3}.Release|x64.Build.0 = Release|x64
		{84895CFF-B0C6-4EA1-98FD-66A7EC121CD3}.Release|x86.ActiveCfg = Release|Win32
		{84895CFF-B0C6-4EA1-98FD-66A7EC121CD3}.Release|x86.Build.0 = Release|Win32
		{2888D1B0-2C5B-472D-A9E1-B91283722468}.Debug|x64.ActiveCfg = Debug|x64
		{2888D1B0-2C5B-472D-A9E1-B91283722468}.Debug|x64.Build.0 = Debug|x64
		{2888D1B0-2C5B-472D-A9E1-B91283722468}.Debug|x86.ActiveCfg = Debug|Win32
		{2888D1B0-2C5B-472D-A9E1-B91283722468}.Debug|x86.Build.0 = Debug|Win32
		{2888D1B0-2C5B-472D-A9E1-B91283722468}.Release|x64.ActiveCfg = Release|x64
		{2888D1B0-2C5B-472D-A9E1-B91283722468}.Release|x64.Build.0 = Release|x64
		{2888D1B0-2C5B-472D-A9E1-B91283722468}.Release|x86.ActiveCfg = Release|Win32
		{2888D1B0-2C5B-472D-A9E1-B91283722468}.Release|x86.Build.0 = Release|Win32
		{4901A2A2-889A-49B6-B170-FCD87230F2AB}.Debug|x64.ActiveCfg = Debug|x64
		{4901A2A2-889A-49B6-B170-FCD87230F2AB}.Debug|x64.Build.0 = Debug|x64
		{4901A2A2-889A-49B6-B170-FCD87230F2AB}.Debug|x86.ActiveCfg = Debug|Win32
		{4901A2A2-889A-49B6-B170-FCD87230F2AB}.Debug|x86.Build.0 = Debug|Win32
		{4901A2A2-889A-49B6-B170-FCD87230F2AB}.Release|x64.ActiveCfg = Release|x64
		{4901A2A2-889A-49B6-B170-FCD87230F2AB}.Release|x64.Build.0 = Release|x64
		{4901A2A2-889A-49B6-B170-FCD87230F2AB}.Release|x86.ActiveCfg = Release|Win32
		{4901A2A2-889A-49B6-B170-FCD87230F2AB}.Release|x86.Build.0 = Release|Win32
		{9F92C58F-BC47-4541-9074-EBF3FFFA41CC}.Debug|x64.ActiveCfg = Debug|x64
		{9F92C58F-BC47-4541-9074-EBF3FFFA41CC}.Debug|x64.Build.0 = Debug|x64
		{9F92C58F-BC47-4541-9074-EBF3FFFA41CC}.Debug|x86.ActiveCfg = Debug|Win32
		{9F92C58F-BC47-4541-9074-EBF3FFFA41CC}.Debug|x86.Build.0 = Debug|Win32
		{9F92C58F-BC47-4541-9074-EBF3FFFA41CC}.Release|x64.ActiveCfg = Release|x64
		{9F92C58F-BC47-4541-9074-EBF3FFFA41CC}.Release|x64.Build.0 = Release|x64
		{9F92C58F-BC47-4541-9074-EBF3FFFA41CC}.Release|x86.ActiveCfg = Release|Win32
		{9F92C58F-BC47-4541-9074-EBF3FFFA41CC}.Release|x86.Build.0 = Release|Win32
		{C2E74993-103D-4AF7-82E9-61E85502BD9E}.Debug|x64.ActiveCfg = Debug|x64
		{C2E74993-103D-4AF7-82E9-61E85502BD9E}.Debug|x64.Build.0 = Debug|x64
		{C2E74993-103D-4AF7-82E9-61E85502BD9E}.Debug|x86.ActiveCfg = Debug|Win32
		{C2E74993-103D-4AF7-82E9-61E85502BD9E}.Debug|x86.Build.0 = Debug|Win32
		{C2E74993-103D-4AF7-82E9-61E85502BD9E}.Release|x64.ActiveCfg = Release|x64
		{C2E74993-103D-4AF7-82E9-61E85502BD9E}.Release|x64.Build.0 = Release|x64
		{C2E74993-103D-4AF7-82E9-61E85502BD9E}.Release|x86.ActiveCfg = Release|Win32
		{C2E74993-103D-4AF7-82E9-61E85502BD9E}.Release|x86.Build.0 = Release|Win32
		{9B054E8F-3C5D-4320-AAA2-0690BCE7C3E5}.Debug|x64.ActiveCfg = Debug|x64
		{9B054E8F-3C5D-4320-AAA2-0690BCE7C3E5}.Debug|x64.Build.0 = Debug|x64
		{9B054E8F-3C5D-4320-AAA2-0690BCE7C3E5}.Debug|x86.ActiveCfg = Debug|Win32
		{9B054E8F-3C5D-4320-AAA2-0690BCE7C3E5}.Debug|x86.Build.0 = Debug|Win32
		{9B054E8F-3C5D-4320-AAA2-0690BCE7C3E5}.Release|x64.ActiveCfg = Release|x64
		{9B054E8F-3C5D-4320-AAA2-0690BCE7C3E5}.Release|x64.Build.0 = Release|x64
		{9B054E8F-3C5D-4320-AAA2-0690BCE7C3E5}.Release|x86.ActiveCfg = Release|Win32
		{9B054E8F-3C5D-4320-AAA2-0690BCE7C3E5}.Release|x86.Build.0 = Release|Win32
		{8C947FB0-7736-43D2-8D3F-4061DA0AF11D}.Debug|x64.ActiveCfg = Debug|x64
		{8C947FB0-7736-43D2-8D3F-4061DA0AF11D}.Debug|x64.Build.0 = Debug|x64
		{8C947FB0-7736-43D2-8D3F-4061DA0AF11D}.Debug|x86.ActiveCfg = Debug|Win32
		{8C947FB0-7736-43D2-8D3F-4061DA0AF11D}.Debug|x86.Build.0 = Debug|Win32
		{8C947FB0-7736-43D2-8D3F-4061DA0AF11D}.Release|x64.ActiveCfg = Release|x64
		{8C947FB0-7736-43D2-8D3F-4061DA0AF11D}.Release|x64.Build.0 = Release|x64
		{8C947FB0-7736-43D2-8D3F-4061DA0AF11D}.Release|x86.ActiveCfg = Release|Win32
		{8C947FB0-7736-43D2-8D3F-4061DA0AF11D}.Release|x86.Build.0 = Release|Win32
		{EA131D7B-717D-4562-9FFA-E758C898C4DE}.Debug|x64.ActiveCfg = Debug|x64
		{EA131D7B-717D-4562-9FFA-E758C898C4DE}.Debug|x64.Build.0 = Debug|x64
		{EA131D7B-717D-4562-9FFA-E758C898C4DE}.Debug|x86.ActiveCfg = Debug|Win32
		{EA131D7B-717D-4562-9FFA-E758C898C4DE}.Debug|x86.Build.0 = Debug|Win32
		{EA131D7B-717D-4562-9FFA-E758C898C4DE}.Release|x64.ActiveCfg = Release|x64
		{EA131D7B-717D-4562-9FFA-E758C898C4DE}.Release|x64.Build.0 = Release|x64
		{EA131D7B-717D-4562-9FFA-E758C898C4DE}.Release|x86.ActiveCfg = Release|Win32
		{EA131D7B-717D-4562-9FFA-E758C898C4DE}.Release|x86.Build.0 = Release|Win32
		{9735089C-186E-4FCC-8010-10ED66A7398E}.Debug|x64.ActiveCfg = Debug|x64
		{9735089C-186E-4FCC-8010-10ED66A7398E}.Debug|x64.Build.0 = Debug|x64
		{9735089C-186E-4FCC-8010-10ED66A7398E}.Debug|x86.ActiveCfg = Debug|Win32
		{9735089C-186E-4FCC-8010-10ED66A7398E}.Debug|x86.Build.0 = Debug|Win32
		{9735089C-186E-4FCC-8010-10ED66A7398E}.Release|x64.ActiveCfg = Release|x64
		{9735089C-186E-4FCC-8010-10ED66A7398E}.Release|x64.Build.0 = Release|x64
		{9735089C-186E-4FCC-8010-10ED66A7398E}.Release|x86.ActiveCfg = Release|Win32
		{9735089C-186E-4FCC-8010-10ED66A7398E}.Release|x86.Build.0 = Release|Win32
		{AECBBE6E-7C8A-4B65-B749-44DD123DE17D}.Debug|x64.ActiveCfg = Debug|x64
		{AECBBE6E-7C8A-4B65-B749-44DD123DE17D}.Debug|x64.Build.0 = Debug|x64
		{AECBBE6E-7C8A-4B65-B749-44DD123DE17D}.Debug|x86.ActiveCfg = Debug|Win32
		{AECBBE6E-7C8A-4B65-B749-44DD123DE17D}.Debug|x86.Build.0 = Debug|Win32
		{AECBBE6E-7C8A-4B65-B749-44DD123DE17D}.Release|x64.ActiveCfg = Release|x64
		{AECBBE6E-7C8A-4B65-B749-44DD123DE17D}.Release|x64.Build.0 = Release|x64
		{AECBBE6E-7C8A-4B65-B749-44DD123DE17D}.Release|x86.ActiveCfg = Release|Win32
		{AECBBE6E-7C8A-4B65-B749-44DD123DE17D}.Release|x86.Build.0 = Release|Win32
		{E08BB14A-56C8-4ED8-B7BD-53DF68096792}.Debug|x64.ActiveCfg = Debug|x64
		{E08BB14A-56C8-4ED8-B7BD-53DF68096792}.Debug|x64.Build.0 = Debug|x64
		{E08BB14A-56C8-4ED8-B7BD-53DF68096792}.Debug|x86.ActiveCfg = Debug|Win32
		{E08BB14A-56C8-4ED8-B7BD-53DF68096792}.Debug|x86.Build.0 = Debug|Win32
		{E08BB14A-56C8-4ED8-B7BD-53DF68096792}.Release|x64.ActiveCfg = Release|x64
		{E08BB14A-56C8-4ED8-B7BD-53DF68096792}.Release|x64.Build.0 = Release|x64
		{E08BB14A-56C8-4ED8-B7BD-53DF68096792}.Release|x86.ActiveCfg = Release|Win32
		{E08BB14A-56C8-4ED8-B7BD-53DF68096792}.Release|x86.Build.0 = Release|Win32
		{3E1ACB80-0208-4479-8076-F6AE1961965D}.Debug|x64.ActiveCfg = Debug|x64
		{3E1ACB80-0208-4479-8076-F6AE1961965D}.Debug|x64.Build.0 = Debug|x64
		{3E1ACB80-0208-4479-8076-F6AE1961965D}.Debug|x86.ActiveCfg = Debug|Win32
		{3E1ACB80-0208-4479-8076-F6AE1961965D}.Debug|x86.Build.0 = Debug|Win32
		{3E1ACB80-0208-4479-8076-F6AE1961965D}.Release|x64.ActiveCfg = Release|x64
		{3E1ACB80-0208-4479-8076-F6AE1961965D}.Release|x64.Build.0 = Release|x64
		{3E1ACB80-0208-4479-8076-F6AE1961965D}.Release|x86.ActiveCfg = Release|Win32
		{3E1ACB80-0208-4479-8076-F6AE1961965D}.Release|x86.Build.0 = Release|Win32
	EndGlobalSection
	GlobalSection(SolutionProperties) = preSolution
		HideSolutionNode = FALSE
	EndGlobalSection
	GlobalSection(NestedProjects) = preSolution
		{84895CFF-B0C6-4EA1-98FD-66A7EC121CD3} = {44A7C661-837A-479C-BA99-72BA0E85A110}
		{2888D1B0-2C5B-472D-A9E1-B91283722468} = {0009125D-80BC-45B0-A62B-8ADBA40EA427}
		{4901A2A2-889A-49B6-B170-FCD87230F2AB} = {44A7C661-837A-479C-BA99-72BA0E85A110}
		{9F92C58F-BC47-4541-9074-EBF3FFFA41CC} = {0009125D-80BC-45B0-A62B-8ADBA40EA427}
		{EA131D7B-717D-4562-9FFA-E758C898C4DE} = {0009125D-80BC-45B0-A62B-8ADBA40EA427}
		{9735089C-186E-4FCC-8010-10ED66A7398E} = {44A7C661-837A-479C-BA99-72BA0E85A110}
		{E08BB14A-56C8-4ED8-B7BD-53DF68096792} = {64A836CC-B39B-4F27-AFC0-E4526FCEDB5E}
		{3E1ACB80-0208-4479-8076-F6AE1961965D} = {64A836CC-B39B-4F27-AFC0-E4526FCEDB5E}
	EndGlobalSection
EndGlobal
